
Microsoft Visual Studio Solution File, Format Version 12.00
# Visual Studio Version 17
VisualStudioVersion = 17.3.32929.385
MinimumVisualStudioVersion = 10.0.40219.1
Project("{FAE04EC0-301F-11D3-BF4B-00C04F79EFBC}") = "Monogame 00", "Monogame 00\Monogame 00.csproj", "{C099DA86-A17B-4F19-9BD9-BB0125A1CD2D}"
EndProject
Global
	GlobalSection(SolutionConfigurationPlatforms) = preSolution
		Debug|Any CPU = Debug|Any CPU
		Release|Any CPU = Release|Any CPU
	EndGlobalSection
	GlobalSection(ProjectConfigurationPlatforms) = postSolution
		{C099DA86-A17B-4F19-9BD9-BB0125A1CD2D}.Debug|Any CPU.ActiveCfg = Debug|Any CPU
		{C099DA86-A17B-4F19-9BD9-BB0125A1CD2D}.Debug|Any CPU.Build.0 = Debug|Any CPU
		{C099DA86-A17B-4F19-9BD9-BB0125A1CD2D}.Release|Any CPU.ActiveCfg = Release|Any CPU
		{C099DA86-A17B-4F19-9BD9-BB0125A1CD2D}.Release|Any CPU.Build.0 = Release|Any CPU
	EndGlobalSection
	GlobalSection(SolutionProperties) = preSolution
		HideSolutionNode = FALSE
	EndGlobalSection
	GlobalSection(ExtensibilityGlobals) = postSolution
		SolutionGuid = {48C61E14-ADAC-4BFF-8AFE-73724FF345E7}
	EndGlobalSection
EndGlobal
